
Microsoft Visual Studio Solution File, Format Version 12.00
# Visual Studio Version 17
VisualStudioVersion = 17.0.31903.59
MinimumVisualStudioVersion = 10.0.40219.1
Project("{2150E333-8FDC-42A3-9474-1A3956D46DE8}") = "src", "src", "{827E0CD3-B72D-47B6-A68D-7590B98EB39B}"
	ProjectSection(SolutionItems) = preProject
		src\CLAUDE.md = src\CLAUDE.md
		README.md = README.md
	EndProjectSection
EndProject
Project("{FAE04EC0-301F-11D3-BF4B-00C04F79EFBC}") = "JobsPulse.Core", "src\JobsPulse.Core\JobsPulse.Core.csproj", "{9123DE9B-27D7-4A7F-B48F-B46C10D597DB}"
EndProject
Project("{FAE04EC0-301F-11D3-BF4B-00C04F79EFBC}") = "JobsPulse.Storage", "src\JobsPulse.Storage\JobsPulse.Storage.csproj", "{FED6BB4D-190F-4FBC-A77C-133C3401FF93}"
EndProject
Project("{FAE04EC0-301F-11D3-BF4B-00C04F79EFBC}") = "JobsPulse.Sources.Greenhouse", "src\JobsPulse.Sources.Greenhouse\JobsPulse.Sources.Greenhouse.csproj", "{7FC6850F-C1A3-4277-AEFB-8DA798C11568}"
EndProject
Project("{FAE04EC0-301F-11D3-BF4B-00C04F79EFBC}") = "JobsPulse.Sinks.Telegram", "src\JobsPulse.Sinks.Telegram\JobsPulse.Sinks.Telegram.csproj", "{D4933686-ED35-4B04-9D1E-3C0E1D88FD2D}"
EndProject
Project("{FAE04EC0-301F-11D3-BF4B-00C04F79EFBC}") = "JobsPulse.Host", "src\JobsPulse.Host\JobsPulse.Host.csproj", "{4E082C29-C661-4B4D-B945-41D11BB173BF}"
EndProject
Project("{FAE04EC0-301F-11D3-BF4B-00C04F79EFBC}") = "JobsPulse.Tests", "tests\JobsPulse.Tests\JobsPulse.Tests.csproj", "{E08BAFBF-40B6-4A6F-99B6-1369E9A9843B}"
EndProject
Project("{FAE04EC0-301F-11D3-BF4B-00C04F79EFBC}") = "JobsPulse.Discovery", "src\JobsPulse.Discovery\JobsPulse.Discovery.csproj", "{C5D78ACC-81EE-4A72-A685-F2E681D38AAA}"
EndProject
Project("{FAE04EC0-301F-11D3-BF4B-00C04F79EFBC}") = "JobsPulse.Sources.Lever", "src\JobsPulse.Sources.Lever\JobsPulse.Sources.Lever.csproj", "{A06DBDA6-C84B-437F-A195-F2BEB7CD296F}"
EndProject
Project("{FAE04EC0-301F-11D3-BF4B-00C04F79EFBC}") = "JobsPulse.Sources.SmartRecruiters", "src\JobsPulse.Sources.SmartRecruiters\JobsPulse.Sources.SmartRecruiters.csproj", "{BE2BEC5D-A65C-40F3-A7C2-7DB1123D8572}"
EndProject
Project("{FAE04EC0-301F-11D3-BF4B-00C04F79EFBC}") = "JobsPulse.Sources.Ashby", "src\JobsPulse.Sources.Ashby\JobsPulse.Sources.Ashby.csproj", "{46620B4C-DC43-41F6-98E4-3234C7695B99}"
EndProject
Project("{FAE04EC0-301F-11D3-BF4B-00C04F79EFBC}") = "JobsPulse.Sources.Workday", "src\JobsPulse.Sources.Workday\JobsPulse.Sources.Workday.csproj", "{C61DA960-C533-45DA-8296-37822AFC9AEA}"
EndProject
Global
	GlobalSection(SolutionConfigurationPlatforms) = preSolution
		Debug|Any CPU = Debug|Any CPU
		Debug|x64 = Debug|x64
		Debug|x86 = Debug|x86
		Release|Any CPU = Release|Any CPU
		Release|x64 = Release|x64
		Release|x86 = Release|x86
	EndGlobalSection
	GlobalSection(ProjectConfigurationPlatforms) = postSolution
		{9123DE9B-27D7-4A7F-B48F-B46C10D597DB}.Debug|Any CPU.ActiveCfg = Debug|Any CPU
		{9123DE9B-27D7-4A7F-B48F-B46C10D597DB}.Debug|Any CPU.Build.0 = Debug|Any CPU
		{9123DE9B-27D7-4A7F-B48F-B46C10D597DB}.Debug|x64.ActiveCfg = Debug|Any CPU
		{9123DE9B-27D7-4A7F-B48F-B46C10D597DB}.Debug|x64.Build.0 = Debug|Any CPU
		{9123DE9B-27D7-4A7F-B48F-B46C10D597DB}.Debug|x86.ActiveCfg = Debug|Any CPU
		{9123DE9B-27D7-4A7F-B48F-B46C10D597DB}.Debug|x86.Build.0 = Debug|Any CPU
		{9123DE9B-27D7-4A7F-B48F-B46C10D597DB}.Release|Any CPU.ActiveCfg = Release|Any CPU
		{9123DE9B-27D7-4A7F-B48F-B46C10D597DB}.Release|Any CPU.Build.0 = Release|Any CPU
		{9123DE9B-27D7-4A7F-B48F-B46C10D597DB}.Release|x64.ActiveCfg = Release|Any CPU
		{9123DE9B-27D7-4A7F-B48F-B46C10D597DB}.Release|x64.Build.0 = Release|Any CPU
		{9123DE9B-27D7-4A7F-B48F-B46C10D597DB}.Release|x86.ActiveCfg = Release|Any CPU
		{9123DE9B-27D7-4A7F-B48F-B46C10D597DB}.Release|x86.Build.0 = Release|Any CPU
		{FED6BB4D-190F-4FBC-A77C-133C3401FF93}.Debug|Any CPU.ActiveCfg = Debug|Any CPU
		{FED6BB4D-190F-4FBC-A77C-133C3401FF93}.Debug|Any CPU.Build.0 = Debug|Any CPU
		{FED6BB4D-190F-4FBC-A77C-133C3401FF93}.Debug|x64.ActiveCfg = Debug|Any CPU
		{FED6BB4D-190F-4FBC-A77C-133C3401FF93}.Debug|x64.Build.0 = Debug|Any CPU
		{FED6BB4D-190F-4FBC-A77C-133C3401FF93}.Debug|x86.ActiveCfg = Debug|Any CPU
		{FED6BB4D-190F-4FBC-A77C-133C3401FF93}.Debug|x86.Build.0 = Debug|Any CPU
		{FED6BB4D-190F-4FBC-A77C-133C3401FF93}.Release|Any CPU.ActiveCfg = Release|Any CPU
		{FED6BB4D-190F-4FBC-A77C-133C3401FF93}.Release|Any CPU.Build.0 = Release|Any CPU
		{FED6BB4D-190F-4FBC-A77C-133C3401FF93}.Release|x64.ActiveCfg = Release|Any CPU
		{FED6BB4D-190F-4FBC-A77C-133C3401FF93}.Release|x64.Build.0 = Release|Any CPU
		{FED6BB4D-190F-4FBC-A77C-133C3401FF93}.Release|x86.ActiveCfg = Release|Any CPU
		{FED6BB4D-190F-4FBC-A77C-133C3401FF93}.Release|x86.Build.0 = Release|Any CPU
		{7FC6850F-C1A3-4277-AEFB-8DA798C11568}.Debug|Any CPU.ActiveCfg = Debug|Any CPU
		{7FC6850F-C1A3-4277-AEFB-8DA798C11568}.Debug|Any CPU.Build.0 = Debug|Any CPU
		{7FC6850F-C1A3-4277-AEFB-8DA798C11568}.Debug|x64.ActiveCfg = Debug|Any CPU
		{7FC6850F-C1A3-4277-AEFB-8DA798C11568}.Debug|x64.Build.0 = Debug|Any CPU
		{7FC6850F-C1A3-4277-AEFB-8DA798C11568}.Debug|x86.ActiveCfg = Debug|Any CPU
		{7FC6850F-C1A3-4277-AEFB-8DA798C11568}.Debug|x86.Build.0 = Debug|Any CPU
		{7FC6850F-C1A3-4277-AEFB-8DA798C11568}.Release|Any CPU.ActiveCfg = Release|Any CPU
		{7FC6850F-C1A3-4277-AEFB-8DA798C11568}.Release|Any CPU.Build.0 = Release|Any CPU
		{7FC6850F-C1A3-4277-AEFB-8DA798C11568}.Release|x64.ActiveCfg = Release|Any CPU
		{7FC6850F-C1A3-4277-AEFB-8DA798C11568}.Release|x64.Build.0 = Release|Any CPU
		{7FC6850F-C1A3-4277-AEFB-8DA798C11568}.Release|x86.ActiveCfg = Release|Any CPU
		{7FC6850F-C1A3-4277-AEFB-8DA798C11568}.Release|x86.Build.0 = Release|Any CPU
		{D4933686-ED35-4B04-9D1E-3C0E1D88FD2D}.Debug|Any CPU.ActiveCfg = Debug|Any CPU
		{D4933686-ED35-4B04-9D1E-3C0E1D88FD2D}.Debug|Any CPU.Build.0 = Debug|Any CPU
		{D4933686-ED35-4B04-9D1E-3C0E1D88FD2D}.Debug|x64.ActiveCfg = Debug|Any CPU
		{D4933686-ED35-4B04-9D1E-3C0E1D88FD2D}.Debug|x64.Build.0 = Debug|Any CPU
		{D4933686-ED35-4B04-9D1E-3C0E1D88FD2D}.Debug|x86.ActiveCfg = Debug|Any CPU
		{D4933686-ED35-4B04-9D1E-3C0E1D88FD2D}.Debug|x86.Build.0 = Debug|Any CPU
		{D4933686-ED35-4B04-9D1E-3C0E1D88FD2D}.Release|Any CPU.ActiveCfg = Release|Any CPU
		{D4933686-ED35-4B04-9D1E-3C0E1D88FD2D}.Release|Any CPU.Build.0 = Release|Any CPU
		{D4933686-ED35-4B04-9D1E-3C0E1D88FD2D}.Release|x64.ActiveCfg = Release|Any CPU
		{D4933686-ED35-4B04-9D1E-3C0E1D88FD2D}.Release|x64.Build.0 = Release|Any CPU
		{D4933686-ED35-4B04-9D1E-3C0E1D88FD2D}.Release|x86.ActiveCfg = Release|Any CPU
		{D4933686-ED35-4B04-9D1E-3C0E1D88FD2D}.Release|x86.Build.0 = Release|Any CPU
		{4E082C29-C661-4B4D-B945-41D11BB173BF}.Debug|Any CPU.ActiveCfg = Debug|Any CPU
		{4E082C29-C661-4B4D-B945-41D11BB173BF}.Debug|Any CPU.Build.0 = Debug|Any CPU
		{4E082C29-C661-4B4D-B945-41D11BB173BF}.Debug|x64.ActiveCfg = Debug|Any CPU
		{4E082C29-C661-4B4D-B945-41D11BB173BF}.Debug|x64.Build.0 = Debug|Any CPU
		{4E082C29-C661-4B4D-B945-41D11BB173BF}.Debug|x86.ActiveCfg = Debug|Any CPU
		{4E082C29-C661-4B4D-B945-41D11BB173BF}.Debug|x86.Build.0 = Debug|Any CPU
		{4E082C29-C661-4B4D-B945-41D11BB173BF}.Release|Any CPU.ActiveCfg = Release|Any CPU
		{4E082C29-C661-4B4D-B945-41D11BB173BF}.Release|Any CPU.Build.0 = Release|Any CPU
		{4E082C29-C661-4B4D-B945-41D11BB173BF}.Release|x64.ActiveCfg = Release|Any CPU
		{4E082C29-C661-4B4D-B945-41D11BB173BF}.Release|x64.Build.0 = Release|Any CPU
		{4E082C29-C661-4B4D-B945-41D11BB173BF}.Release|x86.ActiveCfg = Release|Any CPU
		{4E082C29-C661-4B4D-B945-41D11BB173BF}.Release|x86.Build.0 = Release|Any CPU
		{E08BAFBF-40B6-4A6F-99B6-1369E9A9843B}.Debug|Any CPU.ActiveCfg = Debug|Any CPU
		{E08BAFBF-40B6-4A6F-99B6-1369E9A9843B}.Debug|Any CPU.Build.0 = Debug|Any CPU
		{E08BAFBF-40B6-4A6F-99B6-1369E9A9843B}.Debug|x64.ActiveCfg = Debug|Any CPU
		{E08BAFBF-40B6-4A6F-99B6-1369E9A9843B}.Debug|x64.Build.0 = Debug|Any CPU
		{E08BAFBF-40B6-4A6F-99B6-1369E9A9843B}.Debug|x86.ActiveCfg = Debug|Any CPU
		{E08BAFBF-40B6-4A6F-99B6-1369E9A9843B}.Debug|x86.Build.0 = Debug|Any CPU
		{E08BAFBF-40B6-4A6F-99B6-1369E9A9843B}.Release|Any CPU.ActiveCfg = Release|Any CPU
		{E08BAFBF-40B6-4A6F-99B6-1369E9A9843B}.Release|Any CPU.Build.0 = Release|Any CPU
		{E08BAFBF-40B6-4A6F-99B6-1369E9A9843B}.Release|x64.ActiveCfg = Release|Any CPU
		{E08BAFBF-40B6-4A6F-99B6-1369E9A9843B}.Release|x64.Build.0 = Release|Any CPU
		{E08BAFBF-40B6-4A6F-99B6-1369E9A9843B}.Release|x86.ActiveCfg = Release|Any CPU
		{E08BAFBF-40B6-4A6F-99B6-1369E9A9843B}.Release|x86.Build.0 = Release|Any CPU
		{C5D78ACC-81EE-4A72-A685-F2E681D38AAA}.Debug|Any CPU.ActiveCfg = Debug|Any CPU
		{C5D78ACC-81EE-4A72-A685-F2E681D38AAA}.Debug|Any CPU.Build.0 = Debug|Any CPU
		{C5D78ACC-81EE-4A72-A685-F2E681D38AAA}.Debug|x64.ActiveCfg = Debug|Any CPU
		{C5D78ACC-81EE-4A72-A685-F2E681D38AAA}.Debug|x64.Build.0 = Debug|Any CPU
		{C5D78ACC-81EE-4A72-A685-F2E681D38AAA}.Debug|x86.ActiveCfg = Debug|Any CPU
		{C5D78ACC-81EE-4A72-A685-F2E681D38AAA}.Debug|x86.Build.0 = Debug|Any CPU
		{C5D78ACC-81EE-4A72-A685-F2E681D38AAA}.Release|Any CPU.ActiveCfg = Release|Any CPU
		{C5D78ACC-81EE-4A72-A685-F2E681D38AAA}.Release|Any CPU.Build.0 = Release|Any CPU
		{C5D78ACC-81EE-4A72-A685-F2E681D38AAA}.Release|x64.ActiveCfg = Release|Any CPU
		{C5D78ACC-81EE-4A72-A685-F2E681D38AAA}.Release|x64.Build.0 = Release|Any CPU
		{C5D78ACC-81EE-4A72-A685-F2E681D38AAA}.Release|x86.ActiveCfg = Release|Any CPU
		{C5D78ACC-81EE-4A72-A685-F2E681D38AAA}.Release|x86.Build.0 = Release|Any CPU
		{A06DBDA6-C84B-437F-A195-F2BEB7CD296F}.Debug|Any CPU.ActiveCfg = Debug|Any CPU
		{A06DBDA6-C84B-437F-A195-F2BEB7CD296F}.Debug|Any CPU.Build.0 = Debug|Any CPU
		{A06DBDA6-C84B-437F-A195-F2BEB7CD296F}.Debug|x64.ActiveCfg = Debug|Any CPU
		{A06DBDA6-C84B-437F-A195-F2BEB7CD296F}.Debug|x64.Build.0 = Debug|Any CPU
		{A06DBDA6-C84B-437F-A195-F2BEB7CD296F}.Debug|x86.ActiveCfg = Debug|Any CPU
		{A06DBDA6-C84B-437F-A195-F2BEB7CD296F}.Debug|x86.Build.0 = Debug|Any CPU
		{A06DBDA6-C84B-437F-A195-F2BEB7CD296F}.Release|Any CPU.ActiveCfg = Release|Any CPU
		{A06DBDA6-C84B-437F-A195-F2BEB7CD296F}.Release|Any CPU.Build.0 = Release|Any CPU
		{A06DBDA6-C84B-437F-A195-F2BEB7CD296F}.Release|x64.ActiveCfg = Release|Any CPU
		{A06DBDA6-C84B-437F-A195-F2BEB7CD296F}.Release|x64.Build.0 = Release|Any CPU
		{A06DBDA6-C84B-437F-A195-F2BEB7CD296F}.Release|x86.ActiveCfg = Release|Any CPU
		{A06DBDA6-C84B-437F-A195-F2BEB7CD296F}.Release|x86.Build.0 = Release|Any CPU
		{BE2BEC5D-A65C-40F3-A7C2-7DB1123D8572}.Debug|Any CPU.ActiveCfg = Debug|Any CPU
		{BE2BEC5D-A65C-40F3-A7C2-7DB1123D8572}.Debug|Any CPU.Build.0 = Debug|Any CPU
		{BE2BEC5D-A65C-40F3-A7C2-7DB1123D8572}.Debug|x64.ActiveCfg = Debug|Any CPU
		{BE2BEC5D-A65C-40F3-A7C2-7DB1123D8572}.Debug|x64.Build.0 = Debug|Any CPU
		{BE2BEC5D-A65C-40F3-A7C2-7DB1123D8572}.Debug|x86.ActiveCfg = Debug|Any CPU
		{BE2BEC5D-A65C-40F3-A7C2-7DB1123D8572}.Debug|x86.Build.0 = Debug|Any CPU
		{BE2BEC5D-A65C-40F3-A7C2-7DB1123D8572}.Release|Any CPU.ActiveCfg = Release|Any CPU
		{BE2BEC5D-A65C-40F3-A7C2-7DB1123D8572}.Release|Any CPU.Build.0 = Release|Any CPU
		{BE2BEC5D-A65C-40F3-A7C2-7DB1123D8572}.Release|x64.ActiveCfg = Release|Any CPU
		{BE2BEC5D-A65C-40F3-A7C2-7DB1123D8572}.Release|x64.Build.0 = Release|Any CPU
		{BE2BEC5D-A65C-40F3-A7C2-7DB1123D8572}.Release|x86.ActiveCfg = Release|Any CPU
		{BE2BEC5D-A65C-40F3-A7C2-7DB1123D8572}.Release|x86.Build.0 = Release|Any CPU
		{46620B4C-DC43-41F6-98E4-3234C7695B99}.Debug|Any CPU.ActiveCfg = Debug|Any CPU
		{46620B4C-DC43-41F6-98E4-3234C7695B99}.Debug|Any CPU.Build.0 = Debug|Any CPU
		{46620B4C-DC43-41F6-98E4-3234C7695B99}.Debug|x64.ActiveCfg = Debug|Any CPU
		{46620B4C-DC43-41F6-98E4-3234C7695B99}.Debug|x64.Build.0 = Debug|Any CPU
		{46620B4C-DC43-41F6-98E4-3234C7695B99}.Debug|x86.ActiveCfg = Debug|Any CPU
		{46620B4C-DC43-41F6-98E4-3234C7695B99}.Debug|x86.Build.0 = Debug|Any CPU
		{46620B4C-DC43-41F6-98E4-3234C7695B99}.Release|Any CPU.ActiveCfg = Release|Any CPU
		{46620B4C-DC43-41F6-98E4-3234C7695B99}.Release|Any CPU.Build.0 = Release|Any CPU
		{46620B4C-DC43-41F6-98E4-3234C7695B99}.Release|x64.ActiveCfg = Release|Any CPU
		{46620B4C-DC43-41F6-98E4-3234C7695B99}.Release|x64.Build.0 = Release|Any CPU
		{46620B4C-DC43-41F6-98E4-3234C7695B99}.Release|x86.ActiveCfg = Release|Any CPU
		{46620B4C-DC43-41F6-98E4-3234C7695B99}.Release|x86.Build.0 = Release|Any CPU
		{C61DA960-C533-45DA-8296-37822AFC9AEA}.Debug|Any CPU.ActiveCfg = Debug|Any CPU
		{C61DA960-C533-45DA-8296-37822AFC9AEA}.Debug|Any CPU.Build.0 = Debug|Any CPU
		{C61DA960-C533-45DA-8296-37822AFC9AEA}.Debug|x64.ActiveCfg = Debug|Any CPU
		{C61DA960-C533-45DA-8296-37822AFC9AEA}.Debug|x64.Build.0 = Debug|Any CPU
		{C61DA960-C533-45DA-8296-37822AFC9AEA}.Debug|x86.ActiveCfg = Debug|Any CPU
		{C61DA960-C533-45DA-8296-37822AFC9AEA}.Debug|x86.Build.0 = Debug|Any CPU
		{C61DA960-C533-45DA-8296-37822AFC9AEA}.Release|Any CPU.ActiveCfg = Release|Any CPU
		{C61DA960-C533-45DA-8296-37822AFC9AEA}.Release|Any CPU.Build.0 = Release|Any CPU
		{C61DA960-C533-45DA-8296-37822AFC9AEA}.Release|x64.ActiveCfg = Release|Any CPU
		{C61DA960-C533-45DA-8296-37822AFC9AEA}.Release|x64.Build.0 = Release|Any CPU
		{C61DA960-C533-45DA-8296-37822AFC9AEA}.Release|x86.ActiveCfg = Release|Any CPU
		{C61DA960-C533-45DA-8296-37822AFC9AEA}.Release|x86.Build.0 = Release|Any CPU
	EndGlobalSection
	GlobalSection(SolutionProperties) = preSolution
		HideSolutionNode = FALSE
	EndGlobalSection
	GlobalSection(NestedProjects) = preSolution
		{9123DE9B-27D7-4A7F-B48F-B46C10D597DB} = {827E0CD3-B72D-47B6-A68D-7590B98EB39B}
		{FED6BB4D-190F-4FBC-A77C-133C3401FF93} = {827E0CD3-B72D-47B6-A68D-7590B98EB39B}
		{7FC6850F-C1A3-4277-AEFB-8DA798C11568} = {827E0CD3-B72D-47B6-A68D-7590B98EB39B}
		{D4933686-ED35-4B04-9D1E-3C0E1D88FD2D} = {827E0CD3-B72D-47B6-A68D-7590B98EB39B}
		{4E082C29-C661-4B4D-B945-41D11BB173BF} = {827E0CD3-B72D-47B6-A68D-7590B98EB39B}
		{E08BAFBF-40B6-4A6F-99B6-1369E9A9843B} = {827E0CD3-B72D-47B6-A68D-7590B98EB39B}
		{C5D78ACC-81EE-4A72-A685-F2E681D38AAA} = {827E0CD3-B72D-47B6-A68D-7590B98EB39B}
		{A06DBDA6-C84B-437F-A195-F2BEB7CD296F} = {827E0CD3-B72D-47B6-A68D-7590B98EB39B}
		{BE2BEC5D-A65C-40F3-A7C2-7DB1123D8572} = {827E0CD3-B72D-47B6-A68D-7590B98EB39B}
		{46620B4C-DC43-41F6-98E4-3234C7695B99} = {827E0CD3-B72D-47B6-A68D-7590B98EB39B}
		{C61DA960-C533-45DA-8296-37822AFC9AEA} = {827E0CD3-B72D-47B6-A68D-7590B98EB39B}
	EndGlobalSection
EndGlobal
